
Microsoft Visual Studio Solution File, Format Version 12.00
# Visual Studio Version 17
VisualStudioVersion = 17.3.32901.215
MinimumVisualStudioVersion = 10.0.40219.1
Project("{FAE04EC0-301F-11D3-BF4B-00C04F79EFBC}") = "VoorbeeldConsole", "VoorbeeldConsole\VoorbeeldConsole.csproj", "{3381F125-7FD9-4397-B74A-7F6A769AA4E7}"
EndProject
Global
	GlobalSection(SolutionConfigurationPlatforms) = preSolution
		Debug|Any CPU = Debug|Any CPU
		Release|Any CPU = Release|Any CPU
	EndGlobalSection
	GlobalSection(ProjectConfigurationPlatforms) = postSolution
		{3381F125-7FD9-4397-B74A-7F6A769AA4E7}.Debug|Any CPU.ActiveCfg = Debug|Any CPU
		{3381F125-7FD9-4397-B74A-7F6A769AA4E7}.Debug|Any CPU.Build.0 = Debug|Any CPU
		{3381F125-7FD9-4397-B74A-7F6A769AA4E7}.Release|Any CPU.ActiveCfg = Release|Any CPU
		{3381F125-7FD9-4397-B74A-7F6A769AA4E7}.Release|Any CPU.Build.0 = Release|Any CPU
	EndGlobalSection
	GlobalSection(SolutionProperties) = preSolution
		HideSolutionNode = FALSE
	EndGlobalSection
	GlobalSection(ExtensibilityGlobals) = postSolution
		SolutionGuid = {FA53CBE4-D927-4720-822F-5FC9FA3AC517}
	EndGlobalSection
EndGlobal
